
Microsoft Visual Studio Solution File, Format Version 12.00
# Visual Studio 15
VisualStudioVersion = 15.0.28307.1082
MinimumVisualStudioVersion = 10.0.40219.1
Project("{8BC9CEB8-8B4A-11D0-8D11-00A0C91BC942}") = "GPUP", "GPUP.vcxproj", "{6FE58195-BF35-4739-B44D-655F656048C0}"
EndProject
Global
	GlobalSection(SolutionConfigurationPlatforms) = preSolution
		Debug|x64 = Debug|x64
		Debug|x86 = Debug|x86
		Release|x64 = Release|x64
		Release|x86 = Release|x86
	EndGlobalSection
	GlobalSection(ProjectConfigurationPlatforms) = postSolution
		{6FE58195-BF35-4739-B44D-655F656048C0}.Debug|x64.ActiveCfg = Debug|x64
		{6FE58195-BF35-4739-B44D-655F656048C0}.Debug|x64.Build.0 = Debug|x64
		{6FE58195-BF35-4739-B44D-655F656048C0}.Debug|x86.ActiveCfg = Debug|Win32
		{6FE58195-BF35-4739-B44D-655F656048C0}.Debug|x86.Build.0 = Debug|Win32
		{6FE58195-BF35-4739-B44D-655F656048C0}.Release|x64.ActiveCfg = Release|x64
		{6FE58195-BF35-4739-B44D-655F656048C0}.Release|x64.Build.0 = Release|x64
		{6FE58195-BF35-4739-B44D-655F656048C0}.Release|x86.ActiveCfg = Release|Win32
		{6FE58195-BF35-4739-B44D-655F656048C0}.Release|x86.Build.0 = Release|Win32
	EndGlobalSection
	GlobalSection(SolutionProperties) = preSolution
		HideSolutionNode = FALSE
	EndGlobalSection
	GlobalSection(ExtensibilityGlobals) = postSolution
		SolutionGuid = {3A535C20-C17F-4D1B-81B3-D4BA5A0B630F}
	EndGlobalSection
EndGlobal
